
Microsoft Visual Studio Solution File, Format Version 12.00
# Visual Studio Version 16
VisualStudioVersion = 16.0.30002.166
MinimumVisualStudioVersion = 10.0.40219.1
Project("{FAE04EC0-301F-11D3-BF4B-00C04F79EFBC}") = "WinAppLocker", "WinAppLocker\WinAppLocker.csproj", "{0F40A7E6-4B0A-4A5F-89F7-F908C8F16BE0}"
EndProject
Global
	GlobalSection(SolutionConfigurationPlatforms) = preSolution
		Debug|Any CPU = Debug|Any CPU
		Release|Any CPU = Release|Any CPU
	EndGlobalSection
	GlobalSection(ProjectConfigurationPlatforms) = postSolution
		{0F40A7E6-4B0A-4A5F-89F7-F908C8F16BE0}.Debug|Any CPU.ActiveCfg = Debug|Any CPU
		{0F40A7E6-4B0A-4A5F-89F7-F908C8F16BE0}.Debug|Any CPU.Build.0 = Debug|Any CPU
		{0F40A7E6-4B0A-4A5F-89F7-F908C8F16BE0}.Release|Any CPU.ActiveCfg = Release|Any CPU
		{0F40A7E6-4B0A-4A5F-89F7-F908C8F16BE0}.Release|Any CPU.Build.0 = Release|Any CPU
	EndGlobalSection
	GlobalSection(SolutionProperties) = preSolution
		HideSolutionNode = FALSE
	EndGlobalSection
	GlobalSection(ExtensibilityGlobals) = postSolution
		SolutionGuid = {90EE5C0A-CB8B-4B64-B852-C6B73614B083}
	EndGlobalSection
EndGlobal
